
Microsoft Visual Studio Solution File, Format Version 12.00
# Visual Studio 15
VisualStudioVersion = 15.0.27428.2015
MinimumVisualStudioVersion = 10.0.40219.1
Project("{FAE04EC0-301F-11D3-BF4B-00C04F79EFBC}") = "MonoRPG", "MonoRPG\MonoRPG.csproj", "{9C8E579B-F958-4D99-812C-690C9580AC7C}"
EndProject
Global
	GlobalSection(SolutionConfigurationPlatforms) = preSolution
		Debug|x86 = Debug|x86
		Release|x86 = Release|x86
	EndGlobalSection
	GlobalSection(ProjectConfigurationPlatforms) = postSolution
		{9C8E579B-F958-4D99-812C-690C9580AC7C}.Debug|x86.ActiveCfg = Debug|x86
		{9C8E579B-F958-4D99-812C-690C9580AC7C}.Debug|x86.Build.0 = Debug|x86
		{9C8E579B-F958-4D99-812C-690C9580AC7C}.Release|x86.ActiveCfg = Release|x86
		{9C8E579B-F958-4D99-812C-690C9580AC7C}.Release|x86.Build.0 = Release|x86
	EndGlobalSection
	GlobalSection(SolutionProperties) = preSolution
		HideSolutionNode = FALSE
	EndGlobalSection
	GlobalSection(ExtensibilityGlobals) = postSolution
		SolutionGuid = {A4F739DB-F1D6-4CEF-910A-E7242B24D0F7}
	EndGlobalSection
EndGlobal
